
Microsoft Visual Studio Solution File, Format Version 12.00
# Visual Studio 14
VisualStudioVersion = 14.0.25123.0
MinimumVisualStudioVersion = 10.0.40219.1
Project("{FAE04EC0-301F-11D3-BF4B-00C04F79EFBC}") = "HanTemp", "HanTemp\HanTemp.csproj", "{EA115DB7-8728-4ACE-8A42-F4BA3D5FE193}"
EndProject
Project("{FAE04EC0-301F-11D3-BF4B-00C04F79EFBC}") = "LogLib", "LogLib\LogLib.csproj", "{8FA5AB35-B398-4420-82F0-C2D566E8BD9A}"
EndProject
Project("{FAE04EC0-301F-11D3-BF4B-00C04F79EFBC}") = "HanTemp.Infrastructure", "HanTemp.Infrastructure\HanTemp.Infrastructure.csproj", "{6867BB49-1700-40CD-8356-71E7A0370E7B}"
EndProject
Project("{2150E333-8FDC-42A3-9474-1A3956D46DE8}") = "Modules", "Modules", "{C2014838-D56B-44EA-9F47-E87030D997C1}"
EndProject
Project("{FAE04EC0-301F-11D3-BF4B-00C04F79EFBC}") = "HanTemp.Styling", "HanTemp.Styling\HanTemp.Styling.csproj", "{8CDEDC97-6C7F-4D93-9E91-4B4DAAE7A573}"
EndProject
Project("{FAE04EC0-301F-11D3-BF4B-00C04F79EFBC}") = "HanTemp.Menu", "HanTemp.Menu\HanTemp.Menu.csproj", "{46556483-DD38-4210-87F8-F0DB4745AF79}"
EndProject
Project("{FAE04EC0-301F-11D3-BF4B-00C04F79EFBC}") = "HanTemp.FlyoutModule", "HanTemp.FlyoutModule\HanTemp.FlyoutModule.csproj", "{746D65F2-B862-4F44-A433-11F43743DDBA}"
EndProject
Project("{FAE04EC0-301F-11D3-BF4B-00C04F79EFBC}") = "HanTemp.VLC", "HanTemp.VLC\HanTemp.VLC.csproj", "{A6C067EB-71F1-40BC-B2AD-1D8D45A5119C}"
EndProject
Project("{FAE04EC0-301F-11D3-BF4B-00C04F79EFBC}") = "HanTemp.Player", "HanTemp.Player\HanTemp.Player.csproj", "{5386621F-43E2-42F3-B434-37EF5091AE2D}"
EndProject
Global
	GlobalSection(SolutionConfigurationPlatforms) = preSolution
		Debug|Any CPU = Debug|Any CPU
		Debug|x64 = Debug|x64
		Debug|x86 = Debug|x86
		Release|Any CPU = Release|Any CPU
		Release|x64 = Release|x64
		Release|x86 = Release|x86
	EndGlobalSection
	GlobalSection(ProjectConfigurationPlatforms) = postSolution
		{EA115DB7-8728-4ACE-8A42-F4BA3D5FE193}.Debug|Any CPU.ActiveCfg = Debug|x64
		{EA115DB7-8728-4ACE-8A42-F4BA3D5FE193}.Debug|Any CPU.Build.0 = Debug|x64
		{EA115DB7-8728-4ACE-8A42-F4BA3D5FE193}.Debug|x64.ActiveCfg = Debug|x64
		{EA115DB7-8728-4ACE-8A42-F4BA3D5FE193}.Debug|x64.Build.0 = Debug|x64
		{EA115DB7-8728-4ACE-8A42-F4BA3D5FE193}.Debug|x86.ActiveCfg = Debug|x86
		{EA115DB7-8728-4ACE-8A42-F4BA3D5FE193}.Debug|x86.Build.0 = Debug|x86
		{EA115DB7-8728-4ACE-8A42-F4BA3D5FE193}.Release|Any CPU.ActiveCfg = Release|Any CPU
		{EA115DB7-8728-4ACE-8A42-F4BA3D5FE193}.Release|Any CPU.Build.0 = Release|Any CPU
		{EA115DB7-8728-4ACE-8A42-F4BA3D5FE193}.Release|x64.ActiveCfg = Release|x64
		{EA115DB7-8728-4ACE-8A42-F4BA3D5FE193}.Release|x64.Build.0 = Release|x64
		{EA115DB7-8728-4ACE-8A42-F4BA3D5FE193}.Release|x86.ActiveCfg = Release|x86
		{EA115DB7-8728-4ACE-8A42-F4BA3D5FE193}.Release|x86.Build.0 = Release|x86
		{8FA5AB35-B398-4420-82F0-C2D566E8BD9A}.Debug|Any CPU.ActiveCfg = Debug|Any CPU
		{8FA5AB35-B398-4420-82F0-C2D566E8BD9A}.Debug|Any CPU.Build.0 = Debug|Any CPU
		{8FA5AB35-B398-4420-82F0-C2D566E8BD9A}.Debug|x64.ActiveCfg = Debug|x64
		{8FA5AB35-B398-4420-82F0-C2D566E8BD9A}.Debug|x64.Build.0 = Debug|x64
		{8FA5AB35-B398-4420-82F0-C2D566E8BD9A}.Debug|x86.ActiveCfg = Debug|x86
		{8FA5AB35-B398-4420-82F0-C2D566E8BD9A}.Debug|x86.Build.0 = Debug|x86
		{8FA5AB35-B398-4420-82F0-C2D566E8BD9A}.Release|Any CPU.ActiveCfg = Release|Any CPU
		{8FA5AB35-B398-4420-82F0-C2D566E8BD9A}.Release|Any CPU.Build.0 = Release|Any CPU
		{8FA5AB35-B398-4420-82F0-C2D566E8BD9A}.Release|x64.ActiveCfg = Release|x64
		{8FA5AB35-B398-4420-82F0-C2D566E8BD9A}.Release|x64.Build.0 = Release|x64
		{8FA5AB35-B398-4420-82F0-C2D566E8BD9A}.Release|x86.ActiveCfg = Release|x86
		{8FA5AB35-B398-4420-82F0-C2D566E8BD9A}.Release|x86.Build.0 = Release|x86
		{6867BB49-1700-40CD-8356-71E7A0370E7B}.Debug|Any CPU.ActiveCfg = Debug|Any CPU
		{6867BB49-1700-40CD-8356-71E7A0370E7B}.Debug|Any CPU.Build.0 = Debug|Any CPU
		{6867BB49-1700-40CD-8356-71E7A0370E7B}.Debug|x64.ActiveCfg = Debug|x64
		{6867BB49-1700-40CD-8356-71E7A0370E7B}.Debug|x64.Build.0 = Debug|x64
		{6867BB49-1700-40CD-8356-71E7A0370E7B}.Debug|x86.ActiveCfg = Debug|x86
		{6867BB49-1700-40CD-8356-71E7A0370E7B}.Debug|x86.Build.0 = Debug|x86
		{6867BB49-1700-40CD-8356-71E7A0370E7B}.Release|Any CPU.ActiveCfg = Release|Any CPU
		{6867BB49-1700-40CD-8356-71E7A0370E7B}.Release|Any CPU.Build.0 = Release|Any CPU
		{6867BB49-1700-40CD-8356-71E7A0370E7B}.Release|x64.ActiveCfg = Release|x64
		{6867BB49-1700-40CD-8356-71E7A0370E7B}.Release|x64.Build.0 = Release|x64
		{6867BB49-1700-40CD-8356-71E7A0370E7B}.Release|x86.ActiveCfg = Release|x86
		{6867BB49-1700-40CD-8356-71E7A0370E7B}.Release|x86.Build.0 = Release|x86
		{8CDEDC97-6C7F-4D93-9E91-4B4DAAE7A573}.Debug|Any CPU.ActiveCfg = Debug|Any CPU
		{8CDEDC97-6C7F-4D93-9E91-4B4DAAE7A573}.Debug|Any CPU.Build.0 = Debug|Any CPU
		{8CDEDC97-6C7F-4D93-9E91-4B4DAAE7A573}.Debug|x64.ActiveCfg = Debug|x64
		{8CDEDC97-6C7F-4D93-9E91-4B4DAAE7A573}.Debug|x64.Build.0 = Debug|x64
		{8CDEDC97-6C7F-4D93-9E91-4B4DAAE7A573}.Debug|x86.ActiveCfg = Debug|x86
		{8CDEDC97-6C7F-4D93-9E91-4B4DAAE7A573}.Debug|x86.Build.0 = Debug|x86
		{8CDEDC97-6C7F-4D93-9E91-4B4DAAE7A573}.Release|Any CPU.ActiveCfg = Release|Any CPU
		{8CDEDC97-6C7F-4D93-9E91-4B4DAAE7A573}.Release|Any CPU.Build.0 = Release|Any CPU
		{8CDEDC97-6C7F-4D93-9E91-4B4DAAE7A573}.Release|x64.ActiveCfg = Release|x64
		{8CDEDC97-6C7F-4D93-9E91-4B4DAAE7A573}.Release|x64.Build.0 = Release|x64
		{8CDEDC97-6C7F-4D93-9E91-4B4DAAE7A573}.Release|x86.ActiveCfg = Release|x86
		{8CDEDC97-6C7F-4D93-9E91-4B4DAAE7A573}.Release|x86.Build.0 = Release|x86
		{46556483-DD38-4210-87F8-F0DB4745AF79}.Debug|Any CPU.ActiveCfg = Debug|Any CPU
		{46556483-DD38-4210-87F8-F0DB4745AF79}.Debug|Any CPU.Build.0 = Debug|Any CPU
		{46556483-DD38-4210-87F8-F0DB4745AF79}.Debug|x64.ActiveCfg = Debug|x64
		{46556483-DD38-4210-87F8-F0DB4745AF79}.Debug|x64.Build.0 = Debug|x64
		{46556483-DD38-4210-87F8-F0DB4745AF79}.Debug|x86.ActiveCfg = Debug|x86
		{46556483-DD38-4210-87F8-F0DB4745AF79}.Debug|x86.Build.0 = Debug|x86
		{46556483-DD38-4210-87F8-F0DB4745AF79}.Release|Any CPU.ActiveCfg = Release|Any CPU
		{46556483-DD38-4210-87F8-F0DB4745AF79}.Release|Any CPU.Build.0 = Release|Any CPU
		{46556483-DD38-4210-87F8-F0DB4745AF79}.Release|x64.ActiveCfg = Release|x64
		{46556483-DD38-4210-87F8-F0DB4745AF79}.Release|x64.Build.0 = Release|x64
		{46556483-DD38-4210-87F8-F0DB4745AF79}.Release|x86.ActiveCfg = Release|x86
		{46556483-DD38-4210-87F8-F0DB4745AF79}.Release|x86.Build.0 = Release|x86
		{746D65F2-B862-4F44-A433-11F43743DDBA}.Debug|Any CPU.ActiveCfg = Debug|Any CPU
		{746D65F2-B862-4F44-A433-11F43743DDBA}.Debug|Any CPU.Build.0 = Debug|Any CPU
		{746D65F2-B862-4F44-A433-11F43743DDBA}.Debug|x64.ActiveCfg = Debug|x64
		{746D65F2-B862-4F44-A433-11F43743DDBA}.Debug|x64.Build.0 = Debug|x64
		{746D65F2-B862-4F44-A433-11F43743DDBA}.Debug|x86.ActiveCfg = Debug|x86
		{746D65F2-B862-4F44-A433-11F43743DDBA}.Debug|x86.Build.0 = Debug|x86
		{746D65F2-B862-4F44-A433-11F43743DDBA}.Release|Any CPU.ActiveCfg = Release|Any CPU
		{746D65F2-B862-4F44-A433-11F43743DDBA}.Release|Any CPU.Build.0 = Release|Any CPU
		{746D65F2-B862-4F44-A433-11F43743DDBA}.Release|x64.ActiveCfg = Release|x64
		{746D65F2-B862-4F44-A433-11F43743DDBA}.Release|x64.Build.0 = Release|x64
		{746D65F2-B862-4F44-A433-11F43743DDBA}.Release|x86.ActiveCfg = Release|x86
		{746D65F2-B862-4F44-A433-11F43743DDBA}.Release|x86.Build.0 = Release|x86
		{A6C067EB-71F1-40BC-B2AD-1D8D45A5119C}.Debug|Any CPU.ActiveCfg = Debug|x64
		{A6C067EB-71F1-40BC-B2AD-1D8D45A5119C}.Debug|Any CPU.Build.0 = Debug|x64
		{A6C067EB-71F1-40BC-B2AD-1D8D45A5119C}.Debug|x64.ActiveCfg = Debug|Any CPU
		{A6C067EB-71F1-40BC-B2AD-1D8D45A5119C}.Debug|x64.Build.0 = Debug|Any CPU
		{A6C067EB-71F1-40BC-B2AD-1D8D45A5119C}.Debug|x86.ActiveCfg = Debug|Any CPU
		{A6C067EB-71F1-40BC-B2AD-1D8D45A5119C}.Debug|x86.Build.0 = Debug|Any CPU
		{A6C067EB-71F1-40BC-B2AD-1D8D45A5119C}.Release|Any CPU.ActiveCfg = Release|Any CPU
		{A6C067EB-71F1-40BC-B2AD-1D8D45A5119C}.Release|Any CPU.Build.0 = Release|Any CPU
		{A6C067EB-71F1-40BC-B2AD-1D8D45A5119C}.Release|x64.ActiveCfg = Release|Any CPU
		{A6C067EB-71F1-40BC-B2AD-1D8D45A5119C}.Release|x64.Build.0 = Release|Any CPU
		{A6C067EB-71F1-40BC-B2AD-1D8D45A5119C}.Release|x86.ActiveCfg = Release|Any CPU
		{A6C067EB-71F1-40BC-B2AD-1D8D45A5119C}.Release|x86.Build.0 = Release|Any CPU
		{5386621F-43E2-42F3-B434-37EF5091AE2D}.Debug|Any CPU.ActiveCfg = Debug|Any CPU
		{5386621F-43E2-42F3-B434-37EF5091AE2D}.Debug|Any CPU.Build.0 = Debug|Any CPU
		{5386621F-43E2-42F3-B434-37EF5091AE2D}.Debug|x64.ActiveCfg = Debug|x64
		{5386621F-43E2-42F3-B434-37EF5091AE2D}.Debug|x64.Build.0 = Debug|x64
		{5386621F-43E2-42F3-B434-37EF5091AE2D}.Debug|x86.ActiveCfg = Debug|x86
		{5386621F-43E2-42F3-B434-37EF5091AE2D}.Debug|x86.Build.0 = Debug|x86
		{5386621F-43E2-42F3-B434-37EF5091AE2D}.Release|Any CPU.ActiveCfg = Release|Any CPU
		{5386621F-43E2-42F3-B434-37EF5091AE2D}.Release|Any CPU.Build.0 = Release|Any CPU
		{5386621F-43E2-42F3-B434-37EF5091AE2D}.Release|x64.ActiveCfg = Release|x64
		{5386621F-43E2-42F3-B434-37EF5091AE2D}.Release|x64.Build.0 = Release|x64
		{5386621F-43E2-42F3-B434-37EF5091AE2D}.Release|x86.ActiveCfg = Release|x86
		{5386621F-43E2-42F3-B434-37EF5091AE2D}.Release|x86.Build.0 = Release|x86
	EndGlobalSection
	GlobalSection(SolutionProperties) = preSolution
		HideSolutionNode = FALSE
	EndGlobalSection
	GlobalSection(NestedProjects) = preSolution
		{46556483-DD38-4210-87F8-F0DB4745AF79} = {C2014838-D56B-44EA-9F47-E87030D997C1}
		{746D65F2-B862-4F44-A433-11F43743DDBA} = {C2014838-D56B-44EA-9F47-E87030D997C1}
	EndGlobalSection
EndGlobal
